Microsoft Visual Studio Solution File, Format Version 12.00
# Visual Studio Version 17
VisualStudioVersion = 17.5.320.0
MinimumVisualStudioVersion = 10.0.40219.1
Project("{FAE04EC0-301F-11D3-BF4B-00C04F79EFBC}") = "myMonkeyApp", "d:\repoes\monkeyApp\myMonkeyApp\myMonkeyApp.csproj", "{1712F885-587A-3DA4-D030-DD628E85425B}"
EndProject
Global
	GlobalSection(SolutionConfigurationPlatforms) = preSolution
		Debug|Any CPU = Debug|Any CPU
		Release|Any CPU = Release|Any CPU
	EndGlobalSection
	GlobalSection(ProjectConfigurationPlatforms) = postSolution
		{1712F885-587A-3DA4-D030-DD628E85425B}.Debug|Any CPU.ActiveCfg = Debug|Any CPU
		{1712F885-587A-3DA4-D030-DD628E85425B}.Debug|Any CPU.Build.0 = Debug|Any CPU
		{1712F885-587A-3DA4-D030-DD628E85425B}.Release|Any CPU.ActiveCfg = Release|Any CPU
		{1712F885-587A-3DA4-D030-DD628E85425B}.Release|Any CPU.Build.0 = Release|Any CPU
	EndGlobalSection
	GlobalSection(SolutionProperties) = preSolution
		HideSolutionNode = FALSE
	EndGlobalSection
	GlobalSection(ExtensibilityGlobals) = postSolution
		SolutionGuid = {CFFD207F-05A0-4C74-85AE-44B521560061}
	EndGlobalSection
EndGlobal
